
Microsoft Visual Studio Solution File, Format Version 12.00
# Visual Studio Version 17
VisualStudioVersion = 17.7.33808.371
MinimumVisualStudioVersion = 10.0.40219.1
Project("{FAE04EC0-301F-11D3-BF4B-00C04F79EFBC}") = "WishYourShop", "WishYourShop.csproj", "{0319DE02-AE6A-4773-AF43-E7CAB25DC120}"
EndProject
Global
	GlobalSection(SolutionConfigurationPlatforms) = preSolution
		Debug|Any CPU = Debug|Any CPU
		Release|Any CPU = Release|Any CPU
	EndGlobalSection
	GlobalSection(ProjectConfigurationPlatforms) = postSolution
		{0319DE02-AE6A-4773-AF43-E7CAB25DC120}.Debug|Any CPU.ActiveCfg = Debug|Any CPU
		{0319DE02-AE6A-4773-AF43-E7CAB25DC120}.Debug|Any CPU.Build.0 = Debug|Any CPU
		{0319DE02-AE6A-4773-AF43-E7CAB25DC120}.Release|Any CPU.ActiveCfg = Release|Any CPU
		{0319DE02-AE6A-4773-AF43-E7CAB25DC120}.Release|Any CPU.Build.0 = Release|Any CPU
	EndGlobalSection
	GlobalSection(SolutionProperties) = preSolution
		HideSolutionNode = FALSE
	EndGlobalSection
	GlobalSection(ExtensibilityGlobals) = postSolution
		SolutionGuid = {39CCB567-E192-4EC9-9FBC-DE9C672E0AED}
	EndGlobalSection
EndGlobal
