
Microsoft Visual Studio Solution File, Format Version 12.00
# Visual Studio Version 17
VisualStudioVersion = 17.0.32112.339
MinimumVisualStudioVersion = 10.0.40219.1
Project("{FAE04EC0-301F-11D3-BF4B-00C04F79EFBC}") = "ConsoleApp2", "ConsoleApp2\ConsoleApp2.csproj", "{51262843-D13D-4EB6-A197-BD41B789C827}"
EndProject
Global
	GlobalSection(SolutionConfigurationPlatforms) = preSolution
		Debug|Any CPU = Debug|Any CPU
		Release|Any CPU = Release|Any CPU
	EndGlobalSection
	GlobalSection(ProjectConfigurationPlatforms) = postSolution
		{51262843-D13D-4EB6-A197-BD41B789C827}.Debug|Any CPU.ActiveCfg = Debug|Any CPU
		{51262843-D13D-4EB6-A197-BD41B789C827}.Debug|Any CPU.Build.0 = Debug|Any CPU
		{51262843-D13D-4EB6-A197-BD41B789C827}.Release|Any CPU.ActiveCfg = Release|Any CPU
		{51262843-D13D-4EB6-A197-BD41B789C827}.Release|Any CPU.Build.0 = Release|Any CPU
	EndGlobalSection
	GlobalSection(SolutionProperties) = preSolution
		HideSolutionNode = FALSE
	EndGlobalSection
	GlobalSection(ExtensibilityGlobals) = postSolution
		SolutionGuid = {7685B0C5-EAE5-4C17-BDCA-3BBCA32FDC0B}
	EndGlobalSection
EndGlobal
