
Microsoft Visual Studio Solution File, Format Version 12.00
# Visual Studio Version 17
VisualStudioVersion = 17.7.33808.371
MinimumVisualStudioVersion = 10.0.40219.1
Project("{FAE04EC0-301F-11D3-BF4B-00C04F79EFBC}") = "WebApplication3", "WebApplication3.csproj", "{95812CFE-C9DA-402B-9375-3B4B1CF4AEBF}"
EndProject
Global
	GlobalSection(SolutionConfigurationPlatforms) = preSolution
		Debug|Any CPU = Debug|Any CPU
		Release|Any CPU = Release|Any CPU
	EndGlobalSection
	GlobalSection(ProjectConfigurationPlatforms) = postSolution
		{95812CFE-C9DA-402B-9375-3B4B1CF4AEBF}.Debug|Any CPU.ActiveCfg = Debug|Any CPU
		{95812CFE-C9DA-402B-9375-3B4B1CF4AEBF}.Debug|Any CPU.Build.0 = Debug|Any CPU
		{95812CFE-C9DA-402B-9375-3B4B1CF4AEBF}.Release|Any CPU.ActiveCfg = Release|Any CPU
		{95812CFE-C9DA-402B-9375-3B4B1CF4AEBF}.Release|Any CPU.Build.0 = Release|Any CPU
	EndGlobalSection
	GlobalSection(SolutionProperties) = preSolution
		HideSolutionNode = FALSE
	EndGlobalSection
	GlobalSection(ExtensibilityGlobals) = postSolution
		SolutionGuid = {E12FB0DB-E90C-4A5C-97C5-86999F3B108D}
	EndGlobalSection
EndGlobal
