
Microsoft Visual Studio Solution File, Format Version 12.00
# Visual Studio Version 16
VisualStudioVersion = 16.0.31729.503
MinimumVisualStudioVersion = 10.0.40219.1
Project("{FAE04EC0-301F-11D3-BF4B-00C04F79EFBC}") = "WebApiCoreRepo", "WebApiCoreRepo\WebApiCoreRepo.csproj", "{9E84B78D-B757-4166-A005-CF406295E0FD}"
EndProject
Global
	GlobalSection(SolutionConfigurationPlatforms) = preSolution
		Debug|Any CPU = Debug|Any CPU
		Release|Any CPU = Release|Any CPU
	EndGlobalSection
	GlobalSection(ProjectConfigurationPlatforms) = postSolution
		{9E84B78D-B757-4166-A005-CF406295E0FD}.Debug|Any CPU.ActiveCfg = Debug|Any CPU
		{9E84B78D-B757-4166-A005-CF406295E0FD}.Debug|Any CPU.Build.0 = Debug|Any CPU
		{9E84B78D-B757-4166-A005-CF406295E0FD}.Release|Any CPU.ActiveCfg = Release|Any CPU
		{9E84B78D-B757-4166-A005-CF406295E0FD}.Release|Any CPU.Build.0 = Release|Any CPU
	EndGlobalSection
	GlobalSection(SolutionProperties) = preSolution
		HideSolutionNode = FALSE
	EndGlobalSection
	GlobalSection(ExtensibilityGlobals) = postSolution
		SolutionGuid = {2D751ACE-04B5-43D2-99C2-A410F2889DD1}
	EndGlobalSection
EndGlobal
