
Microsoft Visual Studio Solution File, Format Version 12.00
# Visual Studio Version 17
VisualStudioVersion = 17.0.32112.339
MinimumVisualStudioVersion = 10.0.40219.1
Project("{FAE04EC0-301F-11D3-BF4B-00C04F79EFBC}") = "SampleWebApplication", "SampleWebApplication\SampleWebApplication.csproj", "{199AC9B1-0B23-4BBF-8209-5EB6F8738C3A}"
EndProject
Global
	GlobalSection(SolutionConfigurationPlatforms) = preSolution
		Debug|Any CPU = Debug|Any CPU
		Release|Any CPU = Release|Any CPU
	EndGlobalSection
	GlobalSection(ProjectConfigurationPlatforms) = postSolution
		{199AC9B1-0B23-4BBF-8209-5EB6F8738C3A}.Debug|Any CPU.ActiveCfg = Debug|Any CPU
		{199AC9B1-0B23-4BBF-8209-5EB6F8738C3A}.Debug|Any CPU.Build.0 = Debug|Any CPU
		{199AC9B1-0B23-4BBF-8209-5EB6F8738C3A}.Release|Any CPU.ActiveCfg = Release|Any CPU
		{199AC9B1-0B23-4BBF-8209-5EB6F8738C3A}.Release|Any CPU.Build.0 = Release|Any CPU
	EndGlobalSection
	GlobalSection(SolutionProperties) = preSolution
		HideSolutionNode = FALSE
	EndGlobalSection
	GlobalSection(ExtensibilityGlobals) = postSolution
		SolutionGuid = {0A51A339-3DF1-4009-87F2-646B552A7A33}
	EndGlobalSection
EndGlobal
