
Microsoft Visual Studio Solution File, Format Version 12.00
# Visual Studio Version 17
VisualStudioVersion = 17.7.33808.371
MinimumVisualStudioVersion = 10.0.40219.1
Project("{FAE04EC0-301F-11D3-BF4B-00C04F79EFBC}") = "ConsoleApp4", "ConsoleApp4.csproj", "{0BFF5517-424A-447C-B2BA-70F79E0CEFA1}"
EndProject
Global
	GlobalSection(SolutionConfigurationPlatforms) = preSolution
		Debug|Any CPU = Debug|Any CPU
		Release|Any CPU = Release|Any CPU
	EndGlobalSection
	GlobalSection(ProjectConfigurationPlatforms) = postSolution
		{0BFF5517-424A-447C-B2BA-70F79E0CEFA1}.Debug|Any CPU.ActiveCfg = Debug|Any CPU
		{0BFF5517-424A-447C-B2BA-70F79E0CEFA1}.Debug|Any CPU.Build.0 = Debug|Any CPU
		{0BFF5517-424A-447C-B2BA-70F79E0CEFA1}.Release|Any CPU.ActiveCfg = Release|Any CPU
		{0BFF5517-424A-447C-B2BA-70F79E0CEFA1}.Release|Any CPU.Build.0 = Release|Any CPU
	EndGlobalSection
	GlobalSection(SolutionProperties) = preSolution
		HideSolutionNode = FALSE
	EndGlobalSection
	GlobalSection(ExtensibilityGlobals) = postSolution
		SolutionGuid = {FA8E133E-4246-4D04-B7CA-74338A8D1D26}
	EndGlobalSection
EndGlobal
